// !$*UTF8*$!
{
	archiveVersion = 1;
	classes = {
	};
	objectVersion = 48;
	objects = {

/* Begin PBXBuildFile section */
		F1D3FE931FA9BA1400A1DED7 /* Main.storyboard in Resources */ = {isa = PBXBuildFile; fileRef = F1D3FE911FA9BA1400A1DED7 /* Main.storyboard */; };
		F1D3FE951FA9BA1400A1DED7 /* Assets.xcassets in Resources */ = {isa = PBXBuildFile; fileRef = F1D3FE941FA9BA1400A1DED7 /* Assets.xcassets */; };
		F1D3FE981FA9BA1400A1DED7 /* LaunchScreen.storyboard in Resources */ = {isa = PBXBuildFile; fileRef = F1D3FE961FA9BA1400A1DED7 /* LaunchScreen.storyboard */; };
		F1D3FE9B1FA9BA1400A1DED7 /* main.m in Sources */ = {isa = PBXBuildFile; fileRef = F1D3FE9A1FA9BA1400A1DED7 /* main.m */; };
		F1D3FEA51FA9BA1400A1DED7 /* WPMTests.m in Sources */ = {isa = PBXBuildFile; fileRef = F1D3FEA41FA9BA1400A1DED7 /* WPMTests.m */; };
		F1D3FEB01FA9BA1400A1DED7 /* WPMUITests.m in Sources */ = {isa = PBXBuildFile; fileRef = F1D3FEAF1FA9BA1400A1DED7 /* WPMUITests.m */; };
		F1D3FF051FA9BAA200A1DED7 /* CollectionViewController.m in Sources */ = {isa = PBXBuildFile; fileRef = F1D3FEC11FA9BAA100A1DED7 /* CollectionViewController.m */; };
		F1D3FF061FA9BAA200A1DED7 /* WPMAlbumSearchVC.m in Sources */ = {isa = PBXBuildFile; fileRef = F1D3FEC31FA9BAA100A1DED7 /* WPMAlbumSearchVC.m */; };
		F1D3FF071FA9BAA200A1DED7 /* WPMCalendarVC.m in Sources */ = {isa = PBXBuildFile; fileRef = F1D3FEC51FA9BAA100A1DED7 /* WPMCalendarVC.m */; };
		F1D3FF081FA9BAA200A1DED7 /* WPMPushAlbumController.m in Sources */ = {isa = PBXBuildFile; fileRef = F1D3FEC71FA9BAA100A1DED7 /* WPMPushAlbumController.m */; };
		F1D3FF091FA9BAA200A1DED7 /* WPMPushController.m in Sources */ = {isa = PBXBuildFile; fileRef = F1D3FEC91FA9BAA100A1DED7 /* WPMPushController.m */; };
		F1D3FF0A1FA9BAA200A1DED7 /* NSDate+WPMCalendar.m in Sources */ = {isa = PBXBuildFile; fileRef = F1D3FECC1FA9BAA100A1DED7 /* NSDate+WPMCalendar.m */; };
		F1D3FF0B1FA9BAA200A1DED7 /* WPMAlbum.m in Sources */ = {isa = PBXBuildFile; fileRef = F1D3FECE1FA9BAA100A1DED7 /* WPMAlbum.m */; };
		F1D3FF0C1FA9BAA200A1DED7 /* WPMAlbumModel.m in Sources */ = {isa = PBXBuildFile; fileRef = F1D3FED01FA9BAA100A1DED7 /* WPMAlbumModel.m */; };
		F1D3FF0D1FA9BAA200A1DED7 /* WPMCalendarMonth.m in Sources */ = {isa = PBXBuildFile; fileRef = F1D3FED21FA9BAA100A1DED7 /* WPMCalendarMonth.m */; };
		F1D3FF0E1FA9BAA200A1DED7 /* WPMAlbumTVCell.m in Sources */ = {isa = PBXBuildFile; fileRef = F1D3FED51FA9BAA100A1DED7 /* WPMAlbumTVCell.m */; };
		F1D3FF0F1FA9BAA200A1DED7 /* WPMCalenarWeekHeaderView.m in Sources */ = {isa = PBXBuildFile; fileRef = F1D3FED71FA9BAA100A1DED7 /* WPMCalenarWeekHeaderView.m */; };
		F1D3FF101FA9BAA200A1DED7 /* WPMCalendarCell.m in Sources */ = {isa = PBXBuildFile; fileRef = F1D3FED91FA9BAA100A1DED7 /* WPMCalendarCell.m */; };
		F1D3FF111FA9BAA200A1DED7 /* WPMCalendarScrollView.m in Sources */ = {isa = PBXBuildFile; fileRef = F1D3FEDB1FA9BAA100A1DED7 /* WPMCalendarScrollView.m */; };
		F1D3FF121FA9BAA200A1DED7 /* WPMCalendarView.m in Sources */ = {isa = PBXBuildFile; fileRef = F1D3FEDD1FA9BAA100A1DED7 /* WPMCalendarView.m */; };
		F1D3FF131FA9BAA200A1DED7 /* WPMForHeaderView.m in Sources */ = {isa = PBXBuildFile; fileRef = F1D3FEDF1FA9BAA100A1DED7 /* WPMForHeaderView.m */; };
		F1D3FF141FA9BAA200A1DED7 /* WPMSingleWeekView.m in Sources */ = {isa = PBXBuildFile; fileRef = F1D3FEE11FA9BAA100A1DED7 /* WPMSingleWeekView.m */; };
		F1D3FF151FA9BAA200A1DED7 /* WPMCoffeeVC.m in Sources */ = {isa = PBXBuildFile; fileRef = F1D3FEE51FA9BAA100A1DED7 /* WPMCoffeeVC.m */; };
		F1D3FF161FA9BAA200A1DED7 /* WPMHomeVC.m in Sources */ = {isa = PBXBuildFile; fileRef = F1D3FEEB1FA9BAA100A1DED7 /* WPMHomeVC.m */; };
		F1D3FF171FA9BAA200A1DED7 /* WPMSettingVC.m in Sources */ = {isa = PBXBuildFile; fileRef = F1D3FEF11FA9BAA100A1DED7 /* WPMSettingVC.m */; };
		F1D3FF181FA9BAA200A1DED7 /* WPMSettingBtnView.m in Sources */ = {isa = PBXBuildFile; fileRef = F1D3FEF51FA9BAA100A1DED7 /* WPMSettingBtnView.m */; };
		F1D3FF191FA9BAA200A1DED7 /* AppDelegate.m in Sources */ = {isa = PBXBuildFile; fileRef = F1D3FEF81FA9BAA100A1DED7 /* AppDelegate.m */; };
		F1D3FF1A1FA9BAA200A1DED7 /* BaseNavigationController.m in Sources */ = {isa = PBXBuildFile; fileRef = F1D3FEFF1FA9BAA100A1DED7 /* BaseNavigationController.m */; };
		F1D3FF1B1FA9BAA200A1DED7 /* BaseViewController.m in Sources */ = {isa = PBXBuildFile; fileRef = F1D3FF011FA9BAA100A1DED7 /* BaseViewController.m */; };
		F1D3FF1C1FA9BAA200A1DED7 /* MainTabBarController.m in Sources */ = {isa = PBXBuildFile; fileRef = F1D3FF031FA9BAA100A1DED7 /* MainTabBarController.m */; };
/* End PBXBuildFile section */

/* Begin PBXContainerItemProxy section */
		F1D3FEA11FA9BA1400A1DED7 /* PBXContainerItemProxy */ = {
			isa = PBXContainerItemProxy;
			containerPortal = F1D3FE801FA9BA1400A1DED7 /* Project object */;
			proxyType = 1;
			remoteGlobalIDString = F1D3FE871FA9BA1400A1DED7;
			remoteInfo = WPM;
		};
		F1D3FEAC1FA9BA1400A1DED7 /* PBXContainerItemProxy */ = {
			isa = PBXContainerItemProxy;
			containerPortal = F1D3FE801FA9BA1400A1DED7 /* Project object */;
			proxyType = 1;
			remoteGlobalIDString = F1D3FE871FA9BA1400A1DED7;
			remoteInfo = WPM;
		};
/* End PBXContainerItemProxy section */

/* Begin PBXFileReference section */
		F1D3FE881FA9BA1400A1DED7 /* WPM.app */ = {isa = PBXFileReference; explicitFileType = wrapper.application; includeInIndex = 0; path = WPM.app; sourceTree = BUILT_PRODUCTS_DIR; };
		F1D3FE921FA9BA1400A1DED7 /* Base */ = {isa = PBXFileReference; lastKnownFileType = file.storyboard; name = Base; path = Base.lproj/Main.storyboard; sourceTree = "<group>"; };
		F1D3FE941FA9BA1400A1DED7 /* Assets.xcassets */ = {isa = PBXFileReference; lastKnownFileType = folder.assetcatalog; path = Assets.xcassets; sourceTree = "<group>"; };
		F1D3FE971FA9BA1400A1DED7 /* Base */ = {isa = PBXFileReference; lastKnownFileType = file.storyboard; name = Base; path = Base.lproj/LaunchScreen.storyboard; sourceTree = "<group>"; };
		F1D3FE991FA9BA1400A1DED7 /* Info.plist */ = {isa = PBXFileReference; lastKnownFileType = text.plist.xml; path = Info.plist; sourceTree = "<group>"; };
		F1D3FE9A1FA9BA1400A1DED7 /* main.m */ = {isa = PBXFileReference; lastKnownFileType = sourcecode.c.objc; path = main.m; sourceTree = "<group>"; };
		F1D3FEA01FA9BA1400A1DED7 /* WPMTests.xctest */ = {isa = PBXFileReference; explicitFileType = wrapper.cfbundle; includeInIndex = 0; path = WPMTests.xctest; sourceTree = BUILT_PRODUCTS_DIR; };
		F1D3FEA41FA9BA1400A1DED7 /* WPMTests.m */ = {isa = PBXFileReference; lastKnownFileType = sourcecode.c.objc; path = WPMTests.m; sourceTree = "<group>"; };
		F1D3FEA61FA9BA1400A1DED7 /* Info.plist */ = {isa = PBXFileReference; lastKnownFileType = text.plist.xml; path = Info.plist; sourceTree = "<group>"; };
		F1D3FEAB1FA9BA1400A1DED7 /* WPMUITests.xctest */ = {isa = PBXFileReference; explicitFileType = wrapper.cfbundle; includeInIndex = 0; path = WPMUITests.xctest; sourceTree = BUILT_PRODUCTS_DIR; };
		F1D3FEAF1FA9BA1400A1DED7 /* WPMUITests.m */ = {isa = PBXFileReference; lastKnownFileType = sourcecode.c.objc; path = WPMUITests.m; sourceTree = "<group>"; };
		F1D3FEB11FA9BA1400A1DED7 /* Info.plist */ = {isa = PBXFileReference; lastKnownFileType = text.plist.xml; path = Info.plist; sourceTree = "<group>"; };
		F1D3FEC01FA9BAA100A1DED7 /* CollectionViewController.h */ = {isa = PBXFileReference; fileEncoding = 4; lastKnownFileType = sourcecode.c.h; path = CollectionViewController.h; sourceTree = "<group>"; };
		F1D3FEC11FA9BAA100A1DED7 /* CollectionViewController.m */ = {isa = PBXFileReference; fileEncoding = 4; lastKnownFileType = sourcecode.c.objc; path = CollectionViewController.m; sourceTree = "<group>"; };
		F1D3FEC21FA9BAA100A1DED7 /* WPMAlbumSearchVC.h */ = {isa = PBXFileReference; fileEncoding = 4; lastKnownFileType = sourcecode.c.h; path = WPMAlbumSearchVC.h; sourceTree = "<group>"; };
		F1D3FEC31FA9BAA100A1DED7 /* WPMAlbumSearchVC.m */ = {isa = PBXFileReference; fileEncoding = 4; lastKnownFileType = sourcecode.c.objc; path = WPMAlbumSearchVC.m; sourceTree = "<group>"; };
		F1D3FEC41FA9BAA100A1DED7 /* WPMCalendarVC.h */ = {isa = PBXFileReference; fileEncoding = 4; lastKnownFileType = sourcecode.c.h; path = WPMCalendarVC.h; sourceTree = "<group>"; };
		F1D3FEC51FA9BAA100A1DED7 /* WPMCalendarVC.m */ = {isa = PBXFileReference; fileEncoding = 4; lastKnownFileType = sourcecode.c.objc; path = WPMCalendarVC.m; sourceTree = "<group>"; };
		F1D3FEC61FA9BAA100A1DED7 /* WPMPushAlbumController.h */ = {isa = PBXFileReference; fileEncoding = 4; lastKnownFileType = sourcecode.c.h; path = WPMPushAlbumController.h; sourceTree = "<group>"; };
		F1D3FEC71FA9BAA100A1DED7 /* WPMPushAlbumController.m */ = {isa = PBXFileReference; fileEncoding = 4; lastKnownFileType = sourcecode.c.objc; path = WPMPushAlbumController.m; sourceTree = "<group>"; };
		F1D3FEC81FA9BAA100A1DED7 /* WPMPushController.h */ = {isa = PBXFileReference; fileEncoding = 4; lastKnownFileType = sourcecode.c.h; path = WPMPushController.h; sourceTree = "<group>"; };
		F1D3FEC91FA9BAA100A1DED7 /* WPMPushController.m */ = {isa = PBXFileReference; fileEncoding = 4; lastKnownFileType = sourcecode.c.objc; path = WPMPushController.m; sourceTree = "<group>"; };
		F1D3FECB1FA9BAA100A1DED7 /* NSDate+WPMCalendar.h */ = {isa = PBXFileReference; fileEncoding = 4; lastKnownFileType = sourcecode.c.h; path = "NSDate+WPMCalendar.h"; sourceTree = "<group>"; };
		F1D3FECC1FA9BAA100A1DED7 /* NSDate+WPMCalendar.m */ = {isa = PBXFileReference; fileEncoding = 4; lastKnownFileType = sourcecode.c.objc; path = "NSDate+WPMCalendar.m"; sourceTree = "<group>"; };
		F1D3FECD1FA9BAA100A1DED7 /* WPMAlbum.h */ = {isa = PBXFileReference; fileEncoding = 4; lastKnownFileType = sourcecode.c.h; path = WPMAlbum.h; sourceTree = "<group>"; };
		F1D3FECE1FA9BAA100A1DED7 /* WPMAlbum.m */ = {isa = PBXFileReference; fileEncoding = 4; lastKnownFileType = sourcecode.c.objc; path = WPMAlbum.m; sourceTree = "<group>"; };
		F1D3FECF1FA9BAA100A1DED7 /* WPMAlbumModel.h */ = {isa = PBXFileReference; fileEncoding = 4; lastKnownFileType = sourcecode.c.h; path = WPMAlbumModel.h; sourceTree = "<group>"; };
		F1D3FED01FA9BAA100A1DED7 /* WPMAlbumModel.m */ = {isa = PBXFileReference; fileEncoding = 4; lastKnownFileType = sourcecode.c.objc; path = WPMAlbumModel.m; sourceTree = "<group>"; };
		F1D3FED11FA9BAA100A1DED7 /* WPMCalendarMonth.h */ = {isa = PBXFileReference; fileEncoding = 4; lastKnownFileType = sourcecode.c.h; path = WPMCalendarMonth.h; sourceTree = "<group>"; };
		F1D3FED21FA9BAA100A1DED7 /* WPMCalendarMonth.m */ = {isa = PBXFileReference; fileEncoding = 4; lastKnownFileType = sourcecode.c.objc; path = WPMCalendarMonth.m; sourceTree = "<group>"; };
		F1D3FED41FA9BAA100A1DED7 /* WPMAlbumTVCell.h */ = {isa = PBXFileReference; fileEncoding = 4; lastKnownFileType = sourcecode.c.h; path = WPMAlbumTVCell.h; sourceTree = "<group>"; };
		F1D3FED51FA9BAA100A1DED7 /* WPMAlbumTVCell.m */ = {isa = PBXFileReference; fileEncoding = 4; lastKnownFileType = sourcecode.c.objc; path = WPMAlbumTVCell.m; sourceTree = "<group>"; };
		F1D3FED61FA9BAA100A1DED7 /* WPMCalenarWeekHeaderView.h */ = {isa = PBXFileReference; fileEncoding = 4; lastKnownFileType = sourcecode.c.h; path = WPMCalenarWeekHeaderView.h; sourceTree = "<group>"; };
		F1D3FED71FA9BAA100A1DED7 /* WPMCalenarWeekHeaderView.m */ = {isa = PBXFileReference; fileEncoding = 4; lastKnownFileType = sourcecode.c.objc; path = WPMCalenarWeekHeaderView.m; sourceTree = "<group>"; };
		F1D3FED81FA9BAA100A1DED7 /* WPMCalendarCell.h */ = {isa = PBXFileReference; fileEncoding = 4; lastKnownFileType = sourcecode.c.h; path = WPMCalendarCell.h; sourceTree = "<group>"; };
		F1D3FED91FA9BAA100A1DED7 /* WPMCalendarCell.m */ = {isa = PBXFileReference; fileEncoding = 4; lastKnownFileType = sourcecode.c.objc; path = WPMCalendarCell.m; sourceTree = "<group>"; };
		F1D3FEDA1FA9BAA100A1DED7 /* WPMCalendarScrollView.h */ = {isa = PBXFileReference; fileEncoding = 4; lastKnownFileType = sourcecode.c.h; path = WPMCalendarScrollView.h; sourceTree = "<group>"; };
		F1D3FEDB1FA9BAA100A1DED7 /* WPMCalendarScrollView.m */ = {isa = PBXFileReference; fileEncoding = 4; lastKnownFileType = sourcecode.c.objc; path = WPMCalendarScrollView.m; sourceTree = "<group>"; };
		F1D3FEDC1FA9BAA100A1DED7 /* WPMCalendarView.h */ = {isa = PBXFileReference; fileEncoding = 4; lastKnownFileType = sourcecode.c.h; path = WPMCalendarView.h; sourceTree = "<group>"; };
		F1D3FEDD1FA9BAA100A1DED7 /* WPMCalendarView.m */ = {isa = PBXFileReference; fileEncoding = 4; lastKnownFileType = sourcecode.c.objc; path = WPMCalendarView.m; sourceTree = "<group>"; };
		F1D3FEDE1FA9BAA100A1DED7 /* WPMForHeaderView.h */ = {isa = PBXFileReference; fileEncoding = 4; lastKnownFileType = sourcecode.c.h; path = WPMForHeaderView.h; sourceTree = "<group>"; };
		F1D3FEDF1FA9BAA100A1DED7 /* WPMForHeaderView.m */ = {isa = PBXFileReference; fileEncoding = 4; lastKnownFileType = sourcecode.c.objc; path = WPMForHeaderView.m; sourceTree = "<group>"; };
		F1D3FEE01FA9BAA100A1DED7 /* WPMSingleWeekView.h */ = {isa = PBXFileReference; fileEncoding = 4; lastKnownFileType = sourcecode.c.h; path = WPMSingleWeekView.h; sourceTree = "<group>"; };
		F1D3FEE11FA9BAA100A1DED7 /* WPMSingleWeekView.m */ = {isa = PBXFileReference; fileEncoding = 4; lastKnownFileType = sourcecode.c.objc; path = WPMSingleWeekView.m; sourceTree = "<group>"; };
		F1D3FEE41FA9BAA100A1DED7 /* WPMCoffeeVC.h */ = {isa = PBXFileReference; fileEncoding = 4; lastKnownFileType = sourcecode.c.h; path = WPMCoffeeVC.h; sourceTree = "<group>"; };
		F1D3FEE51FA9BAA100A1DED7 /* WPMCoffeeVC.m */ = {isa = PBXFileReference; fileEncoding = 4; lastKnownFileType = sourcecode.c.objc; path = WPMCoffeeVC.m; sourceTree = "<group>"; };
		F1D3FEEA1FA9BAA100A1DED7 /* WPMHomeVC.h */ = {isa = PBXFileReference; fileEncoding = 4; lastKnownFileType = sourcecode.c.h; path = WPMHomeVC.h; sourceTree = "<group>"; };
		F1D3FEEB1FA9BAA100A1DED7 /* WPMHomeVC.m */ = {isa = PBXFileReference; fileEncoding = 4; lastKnownFileType = sourcecode.c.objc; path = WPMHomeVC.m; sourceTree = "<group>"; };
		F1D3FEF01FA9BAA100A1DED7 /* WPMSettingVC.h */ = {isa = PBXFileReference; fileEncoding = 4; lastKnownFileType = sourcecode.c.h; path = WPMSettingVC.h; sourceTree = "<group>"; };
		F1D3FEF11FA9BAA100A1DED7 /* WPMSettingVC.m */ = {isa = PBXFileReference; fileEncoding = 4; lastKnownFileType = sourcecode.c.objc; path = WPMSettingVC.m; sourceTree = "<group>"; };
		F1D3FEF41FA9BAA100A1DED7 /* WPMSettingBtnView.h */ = {isa = PBXFileReference; fileEncoding = 4; lastKnownFileType = sourcecode.c.h; path = WPMSettingBtnView.h; sourceTree = "<group>"; };
		F1D3FEF51FA9BAA100A1DED7 /* WPMSettingBtnView.m */ = {isa = PBXFileReference; fileEncoding = 4; lastKnownFileType = sourcecode.c.objc; path = WPMSettingBtnView.m; sourceTree = "<group>"; };
		F1D3FEF71FA9BAA100A1DED7 /* AppDelegate.h */ = {isa = PBXFileReference; fileEncoding = 4; lastKnownFileType = sourcecode.c.h; path = AppDelegate.h; sourceTree = "<group>"; };
		F1D3FEF81FA9BAA100A1DED7 /* AppDelegate.m */ = {isa = PBXFileReference; fileEncoding = 4; lastKnownFileType = sourcecode.c.objc; path = AppDelegate.m; sourceTree = "<group>"; };
		F1D3FEFA1FA9BAA100A1DED7 /* PrefixHeader.pch */ = {isa = PBXFileReference; fileEncoding = 4; lastKnownFileType = sourcecode.c.h; path = PrefixHeader.pch; sourceTree = "<group>"; };
		F1D3FEFE1FA9BAA100A1DED7 /* BaseNavigationController.h */ = {isa = PBXFileReference; fileEncoding = 4; lastKnownFileType = sourcecode.c.h; path = BaseNavigationController.h; sourceTree = "<group>"; };
		F1D3FEFF1FA9BAA100A1DED7 /* BaseNavigationController.m */ = {isa = PBXFileReference; fileEncoding = 4; lastKnownFileType = sourcecode.c.objc; path = BaseNavigationController.m; sourceTree = "<group>"; };
		F1D3FF001FA9BAA100A1DED7 /* BaseViewController.h */ = {isa = PBXFileReference; fileEncoding = 4; lastKnownFileType = sourcecode.c.h; path = BaseViewController.h; sourceTree = "<group>"; };
		F1D3FF011FA9BAA100A1DED7 /* BaseViewController.m */ = {isa = PBXFileReference; fileEncoding = 4; lastKnownFileType = sourcecode.c.objc; path = BaseViewController.m; sourceTree = "<group>"; };
		F1D3FF021FA9BAA100A1DED7 /* MainTabBarController.h */ = {isa = PBXFileReference; fileEncoding = 4; lastKnownFileType = sourcecode.c.h; path = MainTabBarController.h; sourceTree = "<group>"; };
		F1D3FF031FA9BAA100A1DED7 /* MainTabBarController.m */ = {isa = PBXFileReference; fileEncoding = 4; lastKnownFileType = sourcecode.c.objc; path = MainTabBarController.m; sourceTree = "<group>"; };
/* End PBXFileReference section */

/* Begin PBXFrameworksBuildPhase section */
		F1D3FE851FA9BA1400A1DED7 /* Frameworks */ = {
			isa = PBXFrameworksBuildPhase;
			buildActionMask = 2147483647;
			files = (
			);
			runOnlyForDeploymentPostprocessing = 0;
		};
		F1D3FE9D1FA9BA1400A1DED7 /* Frameworks */ = {
			isa = PBXFrameworksBuildPhase;
			buildActionMask = 2147483647;
			files = (
			);
			runOnlyForDeploymentPostprocessing = 0;
		};
		F1D3FEA81FA9BA1400A1DED7 /* Frameworks */ = {
			isa = PBXFrameworksBuildPhase;
			buildActionMask = 2147483647;
			files = (
			);
			runOnlyForDeploymentPostprocessing = 0;
		};
/* End PBXFrameworksBuildPhase section */

/* Begin PBXGroup section */
		F1D3FE7F1FA9BA1400A1DED7 = {
			isa = PBXGroup;
			children = (
				F1D3FE8A1FA9BA1400A1DED7 /* WPM */,
				F1D3FEA31FA9BA1400A1DED7 /* WPMTests */,
				F1D3FEAE1FA9BA1400A1DED7 /* WPMUITests */,
				F1D3FE891FA9BA1400A1DED7 /* Products */,
			);
			sourceTree = "<group>";
		};
		F1D3FE891FA9BA1400A1DED7 /* Products */ = {
			isa = PBXGroup;
			children = (
				F1D3FE881FA9BA1400A1DED7 /* WPM.app */,
				F1D3FEA01FA9BA1400A1DED7 /* WPMTests.xctest */,
				F1D3FEAB1FA9BA1400A1DED7 /* WPMUITests.xctest */,
			);
			name = Products;
			sourceTree = "<group>";
		};
		F1D3FE8A1FA9BA1400A1DED7 /* WPM */ = {
			isa = PBXGroup;
			children = (
				F1D3FEF61FA9BAA100A1DED7 /* AppDelegate */,
				F1D3FEBD1FA9BAA100A1DED7 /* Class */,
				F1D3FEFB1FA9BAA100A1DED7 /* Common */,
				F1D3FEF91FA9BAA100A1DED7 /* Config */,
				F1D3FE941FA9BA1400A1DED7 /* Assets.xcassets */,
				F1D3FE911FA9BA1400A1DED7 /* Main.storyboard */,
				F1D3FE961FA9BA1400A1DED7 /* LaunchScreen.storyboard */,
				F1D3FE991FA9BA1400A1DED7 /* Info.plist */,
				F1D3FE9A1FA9BA1400A1DED7 /* main.m */,
			);
			path = WPM;
			sourceTree = "<group>";
		};
		F1D3FEA31FA9BA1400A1DED7 /* WPMTests */ = {
			isa = PBXGroup;
			children = (
				F1D3FEA41FA9BA1400A1DED7 /* WPMTests.m */,
				F1D3FEA61FA9BA1400A1DED7 /* Info.plist */,
			);
			path = WPMTests;
			sourceTree = "<group>";
		};
		F1D3FEAE1FA9BA1400A1DED7 /* WPMUITests */ = {
			isa = PBXGroup;
			children = (
				F1D3FEAF1FA9BA1400A1DED7 /* WPMUITests.m */,
				F1D3FEB11FA9BA1400A1DED7 /* Info.plist */,
			);
			path = WPMUITests;
			sourceTree = "<group>";
		};
		F1D3FEBD1FA9BAA100A1DED7 /* Class */ = {
			isa = PBXGroup;
			children = (
				F1D3FEBE1FA9BAA100A1DED7 /* Calendar */,
				F1D3FEE21FA9BAA100A1DED7 /* Coffee */,
				F1D3FEE81FA9BAA100A1DED7 /* Home */,
				F1D3FEEE1FA9BAA100A1DED7 /* Setting */,
			);
			path = Class;
			sourceTree = "<group>";
		};
		F1D3FEBE1FA9BAA100A1DED7 /* Calendar */ = {
			isa = PBXGroup;
			children = (
				F1D3FEBF1FA9BAA100A1DED7 /* Controller */,
				F1D3FECA1FA9BAA100A1DED7 /* Model */,
				F1D3FED31FA9BAA100A1DED7 /* View */,
			);
			path = Calendar;
			sourceTree = "<group>";
		};
		F1D3FEBF1FA9BAA100A1DED7 /* Controller */ = {
			isa = PBXGroup;
			children = (
				F1D3FEC01FA9BAA100A1DED7 /* CollectionViewController.h */,
				F1D3FEC11FA9BAA100A1DED7 /* CollectionViewController.m */,
				F1D3FEC21FA9BAA100A1DED7 /* WPMAlbumSearchVC.h */,
				F1D3FEC31FA9BAA100A1DED7 /* WPMAlbumSearchVC.m */,
				F1D3FEC41FA9BAA100A1DED7 /* WPMCalendarVC.h */,
				F1D3FEC51FA9BAA100A1DED7 /* WPMCalendarVC.m */,
				F1D3FEC61FA9BAA100A1DED7 /* WPMPushAlbumController.h */,
				F1D3FEC71FA9BAA100A1DED7 /* WPMPushAlbumController.m */,
				F1D3FEC81FA9BAA100A1DED7 /* WPMPushController.h */,
				F1D3FEC91FA9BAA100A1DED7 /* WPMPushController.m */,
			);
			path = Controller;
			sourceTree = "<group>";
		};
		F1D3FECA1FA9BAA100A1DED7 /* Model */ = {
			isa = PBXGroup;
			children = (
				F1D3FECB1FA9BAA100A1DED7 /* NSDate+WPMCalendar.h */,
				F1D3FECC1FA9BAA100A1DED7 /* NSDate+WPMCalendar.m */,
				F1D3FECD1FA9BAA100A1DED7 /* WPMAlbum.h */,
				F1D3FECE1FA9BAA100A1DED7 /* WPMAlbum.m */,
				F1D3FECF1FA9BAA100A1DED7 /* WPMAlbumModel.h */,
				F1D3FED01FA9BAA100A1DED7 /* WPMAlbumModel.m */,
				F1D3FED11FA9BAA100A1DED7 /* WPMCalendarMonth.h */,
				F1D3FED21FA9BAA100A1DED7 /* WPMCalendarMonth.m */,
			);
			path = Model;
			sourceTree = "<group>";
		};
		F1D3FED31FA9BAA100A1DED7 /* View */ = {
			isa = PBXGroup;
			children = (
				F1D3FED41FA9BAA100A1DED7 /* WPMAlbumTVCell.h */,
				F1D3FED51FA9BAA100A1DED7 /* WPMAlbumTVCell.m */,
				F1D3FED61FA9BAA100A1DED7 /* WPMCalenarWeekHeaderView.h */,
				F1D3FED71FA9BAA100A1DED7 /* WPMCalenarWeekHeaderView.m */,
				F1D3FED81FA9BAA100A1DED7 /* WPMCalendarCell.h */,
				F1D3FED91FA9BAA100A1DED7 /* WPMCalendarCell.m */,
				F1D3FEDA1FA9BAA100A1DED7 /* WPMCalendarScrollView.h */,
				F1D3FEDB1FA9BAA100A1DED7 /* WPMCalendarScrollView.m */,
				F1D3FEDC1FA9BAA100A1DED7 /* WPMCalendarView.h */,
				F1D3FEDD1FA9BAA100A1DED7 /* WPMCalendarView.m */,
				F1D3FEDE1FA9BAA100A1DED7 /* WPMForHeaderView.h */,
				F1D3FEDF1FA9BAA100A1DED7 /* WPMForHeaderView.m */,
				F1D3FEE01FA9BAA100A1DED7 /* WPMSingleWeekView.h */,
				F1D3FEE11FA9BAA100A1DED7 /* WPMSingleWeekView.m */,
			);
			path = View;
			sourceTree = "<group>";
		};
		F1D3FEE21FA9BAA100A1DED7 /* Coffee */ = {
			isa = PBXGroup;
			children = (
				F1D3FEE31FA9BAA100A1DED7 /* Controller */,
				F1D3FEE61FA9BAA100A1DED7 /* Model */,
				F1D3FEE71FA9BAA100A1DED7 /* View */,
			);
			path = Coffee;
			sourceTree = "<group>";
		};
		F1D3FEE31FA9BAA100A1DED7 /* Controller */ = {
			isa = PBXGroup;
			children = (
				F1D3FEE41FA9BAA100A1DED7 /* WPMCoffeeVC.h */,
				F1D3FEE51FA9BAA100A1DED7 /* WPMCoffeeVC.m */,
			);
			path = Controller;
			sourceTree = "<group>";
		};
		F1D3FEE61FA9BAA100A1DED7 /* Model */ = {
			isa = PBXGroup;
			children = (
			);
			path = Model;
			sourceTree = "<group>";
		};
		F1D3FEE71FA9BAA100A1DED7 /* View */ = {
			isa = PBXGroup;
			children = (
			);
			path = View;
			sourceTree = "<group>";
		};
		F1D3FEE81FA9BAA100A1DED7 /* Home */ = {
			isa = PBXGroup;
			children = (
				F1D3FEE91FA9BAA100A1DED7 /* Controller */,
				F1D3FEEC1FA9BAA100A1DED7 /* Model */,
				F1D3FEED1FA9BAA100A1DED7 /* View */,
			);
			path = Home;
			sourceTree = "<group>";
		};
		F1D3FEE91FA9BAA100A1DED7 /* Controller */ = {
			isa = PBXGroup;
			children = (
				F1D3FEEA1FA9BAA100A1DED7 /* WPMHomeVC.h */,
				F1D3FEEB1FA9BAA100A1DED7 /* WPMHomeVC.m */,
			);
			path = Controller;
			sourceTree = "<group>";
		};
		F1D3FEEC1FA9BAA100A1DED7 /* Model */ = {
			isa = PBXGroup;
			children = (
			);
			path = Model;
			sourceTree = "<group>";
		};
		F1D3FEED1FA9BAA100A1DED7 /* View */ = {
			isa = PBXGroup;
			children = (
			);
			path = View;
			sourceTree = "<group>";
		};
		F1D3FEEE1FA9BAA100A1DED7 /* Setting */ = {
			isa = PBXGroup;
			children = (
				F1D3FEEF1FA9BAA100A1DED7 /* Controller */,
				F1D3FEF21FA9BAA100A1DED7 /* Model */,
				F1D3FEF31FA9BAA100A1DED7 /* View */,
			);
			path = Setting;
			sourceTree = "<group>";
		};
		F1D3FEEF1FA9BAA100A1DED7 /* Controller */ = {
			isa = PBXGroup;
			children = (
				F1D3FEF01FA9BAA100A1DED7 /* WPMSettingVC.h */,
				F1D3FEF11FA9BAA100A1DED7 /* WPMSettingVC.m */,
			);
			path = Controller;
			sourceTree = "<group>";
		};
		F1D3FEF21FA9BAA100A1DED7 /* Model */ = {
			isa = PBXGroup;
			children = (
			);
			path = Model;
			sourceTree = "<group>";
		};
		F1D3FEF31FA9BAA100A1DED7 /* View */ = {
			isa = PBXGroup;
			children = (
				F1D3FEF41FA9BAA100A1DED7 /* WPMSettingBtnView.h */,
				F1D3FEF51FA9BAA100A1DED7 /* WPMSettingBtnView.m */,
			);
			path = View;
			sourceTree = "<group>";
		};
		F1D3FEF61FA9BAA100A1DED7 /* AppDelegate */ = {
			isa = PBXGroup;
			children = (
				F1D3FEF71FA9BAA100A1DED7 /* AppDelegate.h */,
				F1D3FEF81FA9BAA100A1DED7 /* AppDelegate.m */,
			);
			path = AppDelegate;
			sourceTree = "<group>";
		};
		F1D3FEF91FA9BAA100A1DED7 /* Config */ = {
			isa = PBXGroup;
			children = (
				F1D3FEFA1FA9BAA100A1DED7 /* PrefixHeader.pch */,
			);
			path = Config;
			sourceTree = "<group>";
		};
		F1D3FEFB1FA9BAA100A1DED7 /* Common */ = {
			isa = PBXGroup;
			children = (
				F1D3FEFC1FA9BAA100A1DED7 /* BaseClass */,
			);
			path = Common;
			sourceTree = "<group>";
		};
		F1D3FEFC1FA9BAA100A1DED7 /* BaseClass */ = {
			isa = PBXGroup;
			children = (
				F1D3FEFD1FA9BAA100A1DED7 /* Controller */,
				F1D3FF041FA9BAA100A1DED7 /* View */,
			);
			path = BaseClass;
			sourceTree = "<group>";
		};
		F1D3FEFD1FA9BAA100A1DED7 /* Controller */ = {
			isa = PBXGroup;
			children = (
				F1D3FEFE1FA9BAA100A1DED7 /* BaseNavigationController.h */,
				F1D3FEFF1FA9BAA100A1DED7 /* BaseNavigationController.m */,
				F1D3FF001FA9BAA100A1DED7 /* BaseViewController.h */,
				F1D3FF011FA9BAA100A1DED7 /* BaseViewController.m */,
				F1D3FF021FA9BAA100A1DED7 /* MainTabBarController.h */,
				F1D3FF031FA9BAA100A1DED7 /* MainTabBarController.m */,
			);
			path = Controller;
			sourceTree = "<group>";
		};
		F1D3FF041FA9BAA100A1DED7 /* View */ = {
			isa = PBXGroup;
			children = (
			);
			path = View;
			sourceTree = "<group>";
		};
/* End PBXGroup section */

/* Begin PBXNativeTarget section */
		F1D3FE871FA9BA1400A1DED7 /* WPM */ = {
			isa = PBXNativeTarget;
			buildConfigurationList = F1D3FEB41FA9BA1400A1DED7 /* Build configuration list for PBXNativeTarget "WPM" */;
			buildPhases = (
				F1D3FE841FA9BA1400A1DED7 /* Sources */,
				F1D3FE851FA9BA1400A1DED7 /* Frameworks */,
				F1D3FE861FA9BA1400A1DED7 /* Resources */,
			);
			buildRules = (
			);
			dependencies = (
			);
			name = WPM;
			productName = WPM;
			productReference = F1D3FE881FA9BA1400A1DED7 /* WPM.app */;
			productType = "com.apple.product-type.application";
		};
		F1D3FE9F1FA9BA1400A1DED7 /* WPMTests */ = {
			isa = PBXNativeTarget;
			buildConfigurationList = F1D3FEB71FA9BA1400A1DED7 /* Build configuration list for PBXNativeTarget "WPMTests" */;
			buildPhases = (
				F1D3FE9C1FA9BA1400A1DED7 /* Sources */,
				F1D3FE9D1FA9BA1400A1DED7 /* Frameworks */,
				F1D3FE9E1FA9BA1400A1DED7 /* Resources */,
			);
			buildRules = (
			);
			dependencies = (
				F1D3FEA21FA9BA1400A1DED7 /* PBXTargetDependency */,
			);
			name = WPMTests;
			productName = WPMTests;
			productReference = F1D3FEA01FA9BA1400A1DED7 /* WPMTests.xctest */;
			productType = "com.apple.product-type.bundle.unit-test";
		};
		F1D3FEAA1FA9BA1400A1DED7 /* WPMUITests */ = {
			isa = PBXNativeTarget;
			buildConfigurationList = F1D3FEBA1FA9BA1400A1DED7 /* Build configuration list for PBXNativeTarget "WPMUITests" */;
			buildPhases = (
				F1D3FEA71FA9BA1400A1DED7 /* Sources */,
				F1D3FEA81FA9BA1400A1DED7 /* Frameworks */,
				F1D3FEA91FA9BA1400A1DED7 /* Resources */,
			);
			buildRules = (
			);
			dependencies = (
				F1D3FEAD1FA9BA1400A1DED7 /* PBXTargetDependency */,
			);
			name = WPMUITests;
			productName = WPMUITests;
			productReference = F1D3FEAB1FA9BA1400A1DED7 /* WPMUITests.xctest */;
			productType = "com.apple.product-type.bundle.ui-testing";
		};
/* End PBXNativeTarget section */

/* Begin PBXProject section */
		F1D3FE801FA9BA1400A1DED7 /* Project object */ = {
			isa = PBXProject;
			attributes = {
				LastUpgradeCheck = 0900;
				ORGANIZATIONNAME = Dream;
				TargetAttributes = {
					F1D3FE871FA9BA1400A1DED7 = {
						CreatedOnToolsVersion = 9.0;
						ProvisioningStyle = Automatic;
					};
					F1D3FE9F1FA9BA1400A1DED7 = {
						CreatedOnToolsVersion = 9.0;
						ProvisioningStyle = Automatic;
						TestTargetID = F1D3FE871FA9BA1400A1DED7;
					};
					F1D3FEAA1FA9BA1400A1DED7 = {
						CreatedOnToolsVersion = 9.0;
						ProvisioningStyle = Automatic;
						TestTargetID = F1D3FE871FA9BA1400A1DED7;
					};
				};
			};
			buildConfigurationList = F1D3FE831FA9BA1400A1DED7 /* Build configuration list for PBXProject "WPM" */;
			compatibilityVersion = "Xcode 8.0";
			developmentRegion = en;
			hasScannedForEncodings = 0;
			knownRegions = (
				en,
				Base,
			);
			mainGroup = F1D3FE7F1FA9BA1400A1DED7;
			productRefGroup = F1D3FE891FA9BA1400A1DED7 /* Products */;
			projectDirPath = "";
			projectRoot = "";
			targets = (
				F1D3FE871FA9BA1400A1DED7 /* WPM */,
				F1D3FE9F1FA9BA1400A1DED7 /* WPMTests */,
				F1D3FEAA1FA9BA1400A1DED7 /* WPMUITests */,
			);
		};
/* End PBXProject section */

/* Begin PBXResourcesBuildPhase section */
		F1D3FE861FA9BA1400A1DED7 /* Resources */ = {
			isa = PBXResourcesBuildPhase;
			buildActionMask = 2147483647;
			files = (
				F1D3FE981FA9BA1400A1DED7 /* LaunchScreen.storyboard in Resources */,
				F1D3FE951FA9BA1400A1DED7 /* Assets.xcassets in Resources */,
				F1D3FE931FA9BA1400A1DED7 /* Main.storyboard in Resources */,
			);
			runOnlyForDeploymentPostprocessing = 0;
		};
		F1D3FE9E1FA9BA1400A1DED7 /* Resources */ = {
			isa = PBXResourcesBuildPhase;
			buildActionMask = 2147483647;
			files = (
			);
			runOnlyForDeploymentPostprocessing = 0;
		};
		F1D3FEA91FA9BA1400A1DED7 /* Resources */ = {
			isa = PBXResourcesBuildPhase;
			buildActionMask = 2147483647;
			files = (
			);
			runOnlyForDeploymentPostprocessing = 0;
		};
/* End PBXResourcesBuildPhase section */

/* Begin PBXSourcesBuildPhase section */
		F1D3FE841FA9BA1400A1DED7 /* Sources */ = {
			isa = PBXSourcesBuildPhase;
			buildActionMask = 2147483647;
			files = (
				F1D3FF191FA9BAA200A1DED7 /* AppDelegate.m in Sources */,
				F1D3FF1B1FA9BAA200A1DED7 /* BaseViewController.m in Sources */,
				F1D3FF171FA9BAA200A1DED7 /* WPMSettingVC.m in Sources */,
				F1D3FF111FA9BAA200A1DED7 /* WPMCalendarScrollView.m in Sources */,
				F1D3FF0A1FA9BAA200A1DED7 /* NSDate+WPMCalendar.m in Sources */,
				F1D3FF081FA9BAA200A1DED7 /* WPMPushAlbumController.m in Sources */,
				F1D3FF0B1FA9BAA200A1DED7 /* WPMAlbum.m in Sources */,
				F1D3FF051FA9BAA200A1DED7 /* CollectionViewController.m in Sources */,
				F1D3FF0E1FA9BAA200A1DED7 /* WPMAlbumTVCell.m in Sources */,
				F1D3FF071FA9BAA200A1DED7 /* WPMCalendarVC.m in Sources */,
				F1D3FF101FA9BAA200A1DED7 /* WPMCalendarCell.m in Sources */,
				F1D3FF1C1FA9BAA200A1DED7 /* MainTabBarController.m in Sources */,
				F1D3FF0C1FA9BAA200A1DED7 /* WPMAlbumModel.m in Sources */,
				F1D3FF151FA9BAA200A1DED7 /* WPMCoffeeVC.m in Sources */,
				F1D3FF141FA9BAA200A1DED7 /* WPMSingleWeekView.m in Sources */,
				F1D3FF161FA9BAA200A1DED7 /* WPMHomeVC.m in Sources */,
				F1D3FF0F1FA9BAA200A1DED7 /* WPMCalenarWeekHeaderView.m in Sources */,
				F1D3FE9B1FA9BA1400A1DED7 /* main.m in Sources */,
				F1D3FF121FA9BAA200A1DED7 /* WPMCalendarView.m in Sources */,
				F1D3FF131FA9BAA200A1DED7 /* WPMForHeaderView.m in Sources */,
				F1D3FF181FA9BAA200A1DED7 /* WPMSettingBtnView.m in Sources */,
				F1D3FF091FA9BAA200A1DED7 /* WPMPushController.m in Sources */,
				F1D3FF061FA9BAA200A1DED7 /* WPMAlbumSearchVC.m in Sources */,
				F1D3FF1A1FA9BAA200A1DED7 /* BaseNavigationController.m in Sources */,
				F1D3FF0D1FA9BAA200A1DED7 /* WPMCalendarMonth.m in Sources */,
			);
			runOnlyForDeploymentPostprocessing = 0;
		};
		F1D3FE9C1FA9BA1400A1DED7 /* Sources */ = {
			isa = PBXSourcesBuildPhase;
			buildActionMask = 2147483647;
			files = (
				F1D3FEA51FA9BA1400A1DED7 /* WPMTests.m in Sources */,
			);
			runOnlyForDeploymentPostprocessing = 0;
		};
		F1D3FEA71FA9BA1400A1DED7 /* Sources */ = {
			isa = PBXSourcesBuildPhase;
			buildActionMask = 2147483647;
			files = (
				F1D3FEB01FA9BA1400A1DED7 /* WPMUITests.m in Sources */,
			);
			runOnlyForDeploymentPostprocessing = 0;
		};
/* End PBXSourcesBuildPhase section */

/* Begin PBXTargetDependency section */
		F1D3FEA21FA9BA1400A1DED7 /* PBXTargetDependency */ = {
			isa = PBXTargetDependency;
			target = F1D3FE871FA9BA1400A1DED7 /* WPM */;
			targetProxy = F1D3FEA11FA9BA1400A1DED7 /* PBXContainerItemProxy */;
		};
		F1D3FEAD1FA9BA1400A1DED7 /* PBXTargetDependency */ = {
			isa = PBXTargetDependency;
			target = F1D3FE871FA9BA1400A1DED7 /* WPM */;
			targetProxy = F1D3FEAC1FA9BA1400A1DED7 /* PBXContainerItemProxy */;
		};
/* End PBXTargetDependency section */

/* Begin PBXVariantGroup section */
		F1D3FE911FA9BA1400A1DED7 /* Main.storyboard */ = {
			isa = PBXVariantGroup;
			children = (
				F1D3FE921FA9BA1400A1DED7 /* Base */,
			);
			name = Main.storyboard;
			sourceTree = "<group>";
		};
		F1D3FE961FA9BA1400A1DED7 /* LaunchScreen.storyboard */ = {
			isa = PBXVariantGroup;
			children = (
				F1D3FE971FA9BA1400A1DED7 /* Base */,
			);
			name = LaunchScreen.storyboard;
			sourceTree = "<group>";
		};
/* End PBXVariantGroup section */

/* Begin XCBuildConfiguration section */
		F1D3FEB21FA9BA1400A1DED7 /* Debug */ = {
			isa = XCBuildConfiguration;
			buildSettings = {
				ALWAYS_SEARCH_USER_PATHS = NO;
				CLANG_ANALYZER_NONNULL = YES;
				CLANG_ANALYZER_NUMBER_OBJECT_CONVERSION = YES_AGGRESSIVE;
				CLANG_CXX_LANGUAGE_STANDARD = "gnu++14";
				CLANG_CXX_LIBRARY = "libc++";
				CLANG_ENABLE_MODULES = YES;
				CLANG_ENABLE_OBJC_ARC = YES;
				CLANG_WARN_BLOCK_CAPTURE_AUTORELEASING = YES;
				CLANG_WARN_BOOL_CONVERSION = YES;
				CLANG_WARN_COMMA = YES;
				CLANG_WARN_CONSTANT_CONVERSION = YES;
				CLANG_WARN_DIRECT_OBJC_ISA_USAGE = YES_ERROR;
				CLANG_WARN_DOCUMENTATION_COMMENTS = YES;
				CLANG_WARN_EMPTY_BODY = YES;
				CLANG_WARN_ENUM_CONVERSION = YES;
				CLANG_WARN_INFINITE_RECURSION = YES;
				CLANG_WARN_INT_CONVERSION = YES;
				CLANG_WARN_NON_LITERAL_NULL_CONVERSION = YES;
				CLANG_WARN_OBJC_LITERAL_CONVERSION = YES;
				CLANG_WARN_OBJC_ROOT_CLASS = YES_ERROR;
				CLANG_WARN_RANGE_LOOP_ANALYSIS = YES;
				CLANG_WARN_STRICT_PROTOTYPES = YES;
				CLANG_WARN_SUSPICIOUS_MOVE = YES;
				CLANG_WARN_UNGUARDED_AVAILABILITY = YES_AGGRESSIVE;
				CLANG_WARN_UNREACHABLE_CODE = YES;
				CLANG_WARN__DUPLICATE_METHOD_MATCH = YES;
				CODE_SIGN_IDENTITY = "iPhone Developer";
				COPY_PHASE_STRIP = NO;
				DEBUG_INFORMATION_FORMAT = dwarf;
				ENABLE_STRICT_OBJC_MSGSEND = YES;
				ENABLE_TESTABILITY = YES;
				GCC_C_LANGUAGE_STANDARD = gnu11;
				GCC_DYNAMIC_NO_PIC = NO;
				GCC_NO_COMMON_BLOCKS = YES;
				GCC_OPTIMIZATION_LEVEL = 0;
				GCC_PREPROCESSOR_DEFINITIONS = (
					"DEBUG=1",
					"$(inherited)",
				);
				GCC_WARN_64_TO_32_BIT_CONVERSION = YES;
				GCC_WARN_ABOUT_RETURN_TYPE = YES_ERROR;
				GCC_WARN_UNDECLARED_SELECTOR = YES;
				GCC_WARN_UNINITIALIZED_AUTOS = YES_AGGRESSIVE;
				GCC_WARN_UNUSED_FUNCTION = YES;
				GCC_WARN_UNUSED_VARIABLE = YES;
				IPHONEOS_DEPLOYMENT_TARGET = 11.0;
				MTL_ENABLE_DEBUG_INFO = YES;
				ONLY_ACTIVE_ARCH = YES;
				SDKROOT = iphoneos;
			};
			name = Debug;
		};
		F1D3FEB31FA9BA1400A1DED7 /* Release */ = {
			isa = XCBuildConfiguration;
			buildSettings = {
				ALWAYS_SEARCH_USER_PATHS = NO;
				CLANG_ANALYZER_NONNULL = YES;
				CLANG_ANALYZER_NUMBER_OBJECT_CONVERSION = YES_AGGRESSIVE;
				CLANG_CXX_LANGUAGE_STANDARD = "gnu++14";
				CLANG_CXX_LIBRARY = "libc++";
				CLANG_ENABLE_MODULES = YES;
				CLANG_ENABLE_OBJC_ARC = YES;
				CLANG_WARN_BLOCK_CAPTURE_AUTORELEASING = YES;
				CLANG_WARN_BOOL_CONVERSION = YES;
				CLANG_WARN_COMMA = YES;
				CLANG_WARN_CONSTANT_CONVERSION = YES;
				CLANG_WARN_DIRECT_OBJC_ISA_USAGE = YES_ERROR;
				CLANG_WARN_DOCUMENTATION_COMMENTS = YES;
				CLANG_WARN_EMPTY_BODY = YES;
				CLANG_WARN_ENUM_CONVERSION = YES;
				CLANG_WARN_INFINITE_RECURSION = YES;
				CLANG_WARN_INT_CONVERSION = YES;
				CLANG_WARN_NON_LITERAL_NULL_CONVERSION = YES;
				CLANG_WARN_OBJC_LITERAL_CONVERSION = YES;
				CLANG_WARN_OBJC_ROOT_CLASS = YES_ERROR;
				CLANG_WARN_RANGE_LOOP_ANALYSIS = YES;
				CLANG_WARN_STRICT_PROTOTYPES = YES;
				CLANG_WARN_SUSPICIOUS_MOVE = YES;
				CLANG_WARN_UNGUARDED_AVAILABILITY = YES_AGGRESSIVE;
				CLANG_WARN_UNREACHABLE_CODE = YES;
				CLANG_WARN__DUPLICATE_METHOD_MATCH = YES;
				CODE_SIGN_IDENTITY = "iPhone Developer";
				COPY_PHASE_STRIP = NO;
				DEBUG_INFORMATION_FORMAT = "dwarf-with-dsym";
				ENABLE_NS_ASSERTIONS = NO;
				ENABLE_STRICT_OBJC_MSGSEND = YES;
				GCC_C_LANGUAGE_STANDARD = gnu11;
				GCC_NO_COMMON_BLOCKS = YES;
				GCC_WARN_64_TO_32_BIT_CONVERSION = YES;
				GCC_WARN_ABOUT_RETURN_TYPE = YES_ERROR;
				GCC_WARN_UNDECLARED_SELECTOR = YES;
				GCC_WARN_UNINITIALIZED_AUTOS = YES_AGGRESSIVE;
				GCC_WARN_UNUSED_FUNCTION = YES;
				GCC_WARN_UNUSED_VARIABLE = YES;
				IPHONEOS_DEPLOYMENT_TARGET = 11.0;
				MTL_ENABLE_DEBUG_INFO = NO;
				SDKROOT = iphoneos;
				VALIDATE_PRODUCT = YES;
			};
			name = Release;
		};
		F1D3FEB51FA9BA1400A1DED7 /* Debug */ = {
			isa = XCBuildConfiguration;
			buildSettings = {
				ASSETCATALOG_COMPILER_APPICON_NAME = AppIcon;
				ASSETCATALOG_COMPILER_LAUNCHIMAGE_NAME = LaunchImage;
				CODE_SIGN_STYLE = Automatic;
				DEVELOPMENT_TEAM = 9H78E9ECM8;
				GCC_PREFIX_HEADER = "$(SRCROOT)/WPM/Config/PrefixHeader.pch";
				INFOPLIST_FILE = WPM/Info.plist;
				IPHONEOS_DEPLOYMENT_TARGET = 9.0;
				LD_RUNPATH_SEARCH_PATHS = "$(inherited) @executable_path/Frameworks";
				PRODUCT_BUNDLE_IDENTIFIER = com.Dream.WPM;
				PRODUCT_NAME = "$(TARGET_NAME)";
				TARGETED_DEVICE_FAMILY = "1,2";
			};
			name = Debug;
		};
		F1D3FEB61FA9BA1400A1DED7 /* Release */ = {
			isa = XCBuildConfiguration;
			buildSettings = {
				ASSETCATALOG_COMPILER_APPICON_NAME = AppIcon;
				ASSETCATALOG_COMPILER_LAUNCHIMAGE_NAME = LaunchImage;
				CODE_SIGN_STYLE = Automatic;
				DEVELOPMENT_TEAM = 9H78E9ECM8;
				GCC_PREFIX_HEADER = "$(SRCROOT)/WPM/Config/PrefixHeader.pch";
				INFOPLIST_FILE = WPM/Info.plist;
				IPHONEOS_DEPLOYMENT_TARGET = 9.0;
				LD_RUNPATH_SEARCH_PATHS = "$(inherited) @executable_path/Frameworks";
				PRODUCT_BUNDLE_IDENTIFIER = com.Dream.WPM;
				PRODUCT_NAME = "$(TARGET_NAME)";
				TARGETED_DEVICE_FAMILY = "1,2";
			};
			name = Release;
		};
		F1D3FEB81FA9BA1400A1DED7 /* Debug */ = {
			isa = XCBuildConfiguration;
			buildSettings = {
				BUNDLE_LOADER = "$(TEST_HOST)";
				CODE_SIGN_STYLE = Automatic;
				DEVELOPMENT_TEAM = 9H78E9ECM8;
				INFOPLIST_FILE = WPMTests/Info.plist;
				LD_RUNPATH_SEARCH_PATHS = "$(inherited) @executable_path/Frameworks @loader_path/Frameworks";
				PRODUCT_BUNDLE_IDENTIFIER = com.Dream.WPMTests;
				PRODUCT_NAME = "$(TARGET_NAME)";
				TARGETED_DEVICE_FAMILY = "1,2";
				TEST_HOST = "$(BUILT_PRODUCTS_DIR)/WPM.app/WPM";
			};
			name = Debug;
		};
		F1D3FEB91FA9BA1400A1DED7 /* Release */ = {
			isa = XCBuildConfiguration;
			buildSettings = {
				BUNDLE_LOADER = "$(TEST_HOST)";
				CODE_SIGN_STYLE = Automatic;
				DEVELOPMENT_TEAM = 9H78E9ECM8;
				INFOPLIST_FILE = WPMTests/Info.plist;
				LD_RUNPATH_SEARCH_PATHS = "$(inherited) @executable_path/Frameworks @loader_path/Frameworks";
				PRODUCT_BUNDLE_IDENTIFIER = com.Dream.WPMTests;
				PRODUCT_NAME = "$(TARGET_NAME)";
				TARGETED_DEVICE_FAMILY = "1,2";
				TEST_HOST = "$(BUILT_PRODUCTS_DIR)/WPM.app/WPM";
			};
			name = Release;
		};
		F1D3FEBB1FA9BA1400A1DED7 /* Debug */ = {
			isa = XCBuildConfiguration;
			buildSettings = {
				CODE_SIGN_STYLE = Automatic;
				DEVELOPMENT_TEAM = 9H78E9ECM8;
				INFOPLIST_FILE = WPMUITests/Info.plist;
				LD_RUNPATH_SEARCH_PATHS = "$(inherited) @executable_path/Frameworks @loader_path/Frameworks";
				PRODUCT_BUNDLE_IDENTIFIER = com.Dream.WPMUITests;
				PRODUCT_NAME = "$(TARGET_NAME)";
				TARGETED_DEVICE_FAMILY = "1,2";
				TEST_TARGET_NAME = WPM;
			};
			name = Debug;
		};
		F1D3FEBC1FA9BA1400A1DED7 /* Release */ = {
			isa = XCBuildConfiguration;
			buildSettings = {
				CODE_SIGN_STYLE = Automatic;
				DEVELOPMENT_TEAM = 9H78E9ECM8;
				INFOPLIST_FILE = WPMUITests/Info.plist;
				LD_RUNPATH_SEARCH_PATHS = "$(inherited) @executable_path/Frameworks @loader_path/Frameworks";
				PRODUCT_BUNDLE_IDENTIFIER = com.Dream.WPMUITests;
				PRODUCT_NAME = "$(TARGET_NAME)";
				TARGETED_DEVICE_FAMILY = "1,2";
				TEST_TARGET_NAME = WPM;
			};
			name = Release;
		};
/* End XCBuildConfiguration section */

/* Begin XCConfigurationList section */
		F1D3FE831FA9BA1400A1DED7 /* Build configuration list for PBXProject "WPM" */ = {
			isa = XCConfigurationList;
			buildConfigurations = (
				F1D3FEB21FA9BA1400A1DED7 /* Debug */,
				F1D3FEB31FA9BA1400A1DED7 /* Release */,
			);
			defaultConfigurationIsVisible = 0;
			defaultConfigurationName = Release;
		};
		F1D3FEB41FA9BA1400A1DED7 /* Build configuration list for PBXNativeTarget "WPM" */ = {
			isa = XCConfigurationList;
			buildConfigurations = (
				F1D3FEB51FA9BA1400A1DED7 /* Debug */,
				F1D3FEB61FA9BA1400A1DED7 /* Release */,
			);
			defaultConfigurationIsVisible = 0;
			defaultConfigurationName = Release;
		};
		F1D3FEB71FA9BA1400A1DED7 /* Build configuration list for PBXNativeTarget "WPMTests" */ = {
			isa = XCConfigurationList;
			buildConfigurations = (
				F1D3FEB81FA9BA1400A1DED7 /* Debug */,
				F1D3FEB91FA9BA1400A1DED7 /* Release */,
			);
			defaultConfigurationIsVisible = 0;
			defaultConfigurationName = Release;
		};
		F1D3FEBA1FA9BA1400A1DED7 /* Build configuration list for PBXNativeTarget "WPMUITests" */ = {
			isa = XCConfigurationList;
			buildConfigurations = (
				F1D3FEBB1FA9BA1400A1DED7 /* Debug */,
				F1D3FEBC1FA9BA1400A1DED7 /* Release */,
			);
			defaultConfigurationIsVisible = 0;
			defaultConfigurationName = Release;
		};
/* End XCConfigurationList section */
	};
	rootObject = F1D3FE801FA9BA1400A1DED7 /* Project object */;
}
